GEM
  remote: https://rubygems.org/
  specs:
    ast (2.4.2)
    builder (3.2.4)
    docile (1.4.0)
    jaro_winkler (1.5.4)
    jaro_winkler (1.5.4-java)
    json (2.6.3)
    json (2.6.3-java)
    minitest (5.14.1)
    parallel (1.22.1)
    parser (3.2.2.0)
      ast (~> 2.4.1)
    rainbow (3.1.1)
    rake (13.0.1)
    rdoc (6.3.1)
    rexml (3.2.5)
    rubocop (0.80.1)
      jaro_winkler (~> 1.5.1)
      parallel (~> 1.10)
      parser (>= 2.7.0.1)
      rainbow (>= 2.2.2, < 4.0)
      rexml
      ruby-progressbar (~> 1.7)
      unicode-display_width (>= 1.4.0, < 1.7)
    rubocop-performance (1.5.2)
      rubocop (>= 0.71.0)
    ruby-progressbar (1.13.0)
    simplecov (0.17.1)
      docile (~> 1.1)
      json (>= 1.8, < 3)
      simplecov-html (~> 0.10.0)
    simplecov-html (0.10.2)
    unicode-display_width (1.6.1)
    webrick (1.8.1)

PLATFORMS
  java
  ruby

DEPENDENCIES
  builder (~> 3.0)
  minitest (~> 5.13)
  rake (~> 13.0)
  rdoc (= 6.3.1)
  rubocop (~> 0.80.1)
  rubocop-performance (~> 1.5.2)
  simplecov (~> 0.17.1)
  webrick (~> 1.6, >= 1.6.1)

BUNDLED WITH
   2.1.4
